// !$*UTF8*$!
{
	archiveVersion = 1;
	classes = {
	};
	objectVersion = 48;
	objects = {

/* Begin PBXBuildFile section */
		047CF27B21D21E340098145D /* AppDelegate.m in Sources */ = {isa = PBXBuildFile; fileRef = 047CF27A21D21E340098145D /* AppDelegate.m */; };
		047CF27E21D21E340098145D /* ViewController.m in Sources */ = {isa = PBXBuildFile; fileRef = 047CF27D21D21E340098145D /* ViewController.m */; };
		047CF28121D21E340098145D /* Main.storyboard in Resources */ = {isa = PBXBuildFile; fileRef = 047CF27F21D21E340098145D /* Main.storyboard */; };
		047CF28321D21E340098145D /* Assets.xcassets in Resources */ = {isa = PBXBuildFile; fileRef = 047CF28221D21E340098145D /* Assets.xcassets */; };
		047CF28621D21E340098145D /* LaunchScreen.storyboard in Resources */ = {isa = PBXBuildFile; fileRef = 047CF28421D21E340098145D /* LaunchScreen.storyboard */; };
		047CF28921D21E340098145D /* main.m in Sources */ = {isa = PBXBuildFile; fileRef = 047CF28821D21E340098145D /* main.m */; };
		047CF29321D21E340098145D /* FlutterDemoUITests.m in Sources */ = {isa = PBXBuildFile; fileRef = 047CF29221D21E340098145D /* FlutterDemoUITests.m */; };
		047CF29F21D21F3D0098145D /* RedViewController.m in Sources */ = {isa = PBXBuildFile; fileRef = 047CF29E21D21F3D0098145D /* RedViewController.m */; };
		047CF2A221D21F460098145D /* GreenViewController.m in Sources */ = {isa = PBXBuildFile; fileRef = 047CF2A121D21F460098145D /* GreenViewController.m */; };
		A0DF0C93BA5E60C4437B11C7 /* libPods-FlutterDemo.a in Frameworks */ = {isa = PBXBuildFile; fileRef = 96AF4C8D413BE9C6B9B7CDE0 /* libPods-FlutterDemo.a */; };
/* End PBXBuildFile section */

/* Begin PBXContainerItemProxy section */
		047CF28F21D21E340098145D /* PBXContainerItemProxy */ = {
			isa = PBXContainerItemProxy;
			containerPortal = 047CF26E21D21E330098145D /* Project object */;
			proxyType = 1;
			remoteGlobalIDString = 047CF27521D21E340098145D;
			remoteInfo = FlutterDemo;
		};
/* End PBXContainerItemProxy section */

/* Begin PBXFileReference section */
		040DD93C21D388E700D6288A /* FlutterDemo.pch */ = {isa = PBXFileReference; lastKnownFileType = sourcecode.c.h; path = FlutterDemo.pch; sourceTree = "<group>"; };
		047CF27621D21E340098145D /* FlutterDemo.app */ = {isa = PBXFileReference; explicitFileType = wrapper.application; includeInIndex = 0; path = FlutterDemo.app; sourceTree = BUILT_PRODUCTS_DIR; };
		047CF27921D21E340098145D /* AppDelegate.h */ = {isa = PBXFileReference; lastKnownFileType = sourcecode.c.h; path = AppDelegate.h; sourceTree = "<group>"; };
		047CF27A21D21E340098145D /* AppDelegate.m */ = {isa = PBXFileReference; lastKnownFileType = sourcecode.c.objc; path = AppDelegate.m; sourceTree = "<group>"; };
		047CF27C21D21E340098145D /* ViewController.h */ = {isa = PBXFileReference; lastKnownFileType = sourcecode.c.h; path = ViewController.h; sourceTree = "<group>"; };
		047CF27D21D21E340098145D /* ViewController.m */ = {isa = PBXFileReference; lastKnownFileType = sourcecode.c.objc; path = ViewController.m; sourceTree = "<group>"; };
		047CF28021D21E340098145D /* Base */ = {isa = PBXFileReference; lastKnownFileType = file.storyboard; name = Base; path = Base.lproj/Main.storyboard; sourceTree = "<group>"; };
		047CF28221D21E340098145D /* Assets.xcassets */ = {isa = PBXFileReference; lastKnownFileType = folder.assetcatalog; path = Assets.xcassets; sourceTree = "<group>"; };
		047CF28521D21E340098145D /* Base */ = {isa = PBXFileReference; lastKnownFileType = file.storyboard; name = Base; path = Base.lproj/LaunchScreen.storyboard; sourceTree = "<group>"; };
		047CF28721D21E340098145D /* Info.plist */ = {isa = PBXFileReference; lastKnownFileType = text.plist.xml; path = Info.plist; sourceTree = "<group>"; };
		047CF28821D21E340098145D /* main.m */ = {isa = PBXFileReference; lastKnownFileType = sourcecode.c.objc; path = main.m; sourceTree = "<group>"; };
		047CF28E21D21E340098145D /* FlutterDemoUITests.xctest */ = {isa = PBXFileReference; explicitFileType = wrapper.cfbundle; includeInIndex = 0; path = FlutterDemoUITests.xctest; sourceTree = BUILT_PRODUCTS_DIR; };
		047CF29221D21E340098145D /* FlutterDemoUITests.m */ = {isa = PBXFileReference; lastKnownFileType = sourcecode.c.objc; path = FlutterDemoUITests.m; sourceTree = "<group>"; };
		047CF29421D21E340098145D /* Info.plist */ = {isa = PBXFileReference; lastKnownFileType = text.plist.xml; path = Info.plist; sourceTree = "<group>"; };
		047CF29D21D21F3D0098145D /* RedViewController.h */ = {isa = PBXFileReference; lastKnownFileType = sourcecode.c.h; path = RedViewController.h; sourceTree = "<group>"; };
		047CF29E21D21F3D0098145D /* RedViewController.m */ = {isa = PBXFileReference; lastKnownFileType = sourcecode.c.objc; path = RedViewController.m; sourceTree = "<group>"; };
		047CF2A021D21F460098145D /* GreenViewController.h */ = {isa = PBXFileReference; lastKnownFileType = sourcecode.c.h; path = GreenViewController.h; sourceTree = "<group>"; };
		047CF2A121D21F460098145D /* GreenViewController.m */ = {isa = PBXFileReference; lastKnownFileType = sourcecode.c.objc; path = GreenViewController.m; sourceTree = "<group>"; };
		6E4A6206FE6BBBC75D992DA4 /* Pods-FlutterDemo.release.xcconfig */ = {isa = PBXFileReference; includeInIndex = 1; lastKnownFileType = text.xcconfig; name = "Pods-FlutterDemo.release.xcconfig"; path = "Pods/Target Support Files/Pods-FlutterDemo/Pods-FlutterDemo.release.xcconfig"; sourceTree = "<group>"; };
		96AF4C8D413BE9C6B9B7CDE0 /* libPods-FlutterDemo.a */ = {isa = PBXFileReference; explicitFileType = archive.ar; includeInIndex = 0; path = "libPods-FlutterDemo.a"; sourceTree = BUILT_PRODUCTS_DIR; };
		CEE00EA90B6B1FD6A23F66BA /* Pods-FlutterDemo.debug.xcconfig */ = {isa = PBXFileReference; includeInIndex = 1; lastKnownFileType = text.xcconfig; name = "Pods-FlutterDemo.debug.xcconfig"; path = "Pods/Target Support Files/Pods-FlutterDemo/Pods-FlutterDemo.debug.xcconfig"; sourceTree = "<group>"; };
/* End PBXFileReference section */

/* Begin PBXFrameworksBuildPhase section */
		047CF27321D21E340098145D /* Frameworks */ = {
			isa = PBXFrameworksBuildPhase;
			buildActionMask = 2147483647;
			files = (
				A0DF0C93BA5E60C4437B11C7 /* libPods-FlutterDemo.a in Frameworks */,
			);
			runOnlyForDeploymentPostprocessing = 0;
		};
		047CF28B21D21E340098145D /* Frameworks */ = {
			isa = PBXFrameworksBuildPhase;
			buildActionMask = 2147483647;
			files = (
			);
			runOnlyForDeploymentPostprocessing = 0;
		};
/* End PBXFrameworksBuildPhase section */

/* Begin PBXGroup section */
		047CF26D21D21E330098145D = {
			isa = PBXGroup;
			children = (
				047CF27821D21E340098145D /* FlutterDemo */,
				047CF29121D21E340098145D /* FlutterDemoUITests */,
				047CF27721D21E340098145D /* Products */,
				888F37C4BC1B767EC038DF1F /* Pods */,
				0CF513CB0254D4397A8B6EE2 /* Frameworks */,
			);
			sourceTree = "<group>";
		};
		047CF27721D21E340098145D /* Products */ = {
			isa = PBXGroup;
			children = (
				047CF27621D21E340098145D /* FlutterDemo.app */,
				047CF28E21D21E340098145D /* FlutterDemoUITests.xctest */,
			);
			name = Products;
			sourceTree = "<group>";
		};
		047CF27821D21E340098145D /* FlutterDemo */ = {
			isa = PBXGroup;
			children = (
				047CF27921D21E340098145D /* AppDelegate.h */,
				047CF27A21D21E340098145D /* AppDelegate.m */,
				047CF27C21D21E340098145D /* ViewController.h */,
				047CF27D21D21E340098145D /* ViewController.m */,
				047CF29D21D21F3D0098145D /* RedViewController.h */,
				047CF29E21D21F3D0098145D /* RedViewController.m */,
				047CF2A021D21F460098145D /* GreenViewController.h */,
				047CF2A121D21F460098145D /* GreenViewController.m */,
				047CF27F21D21E340098145D /* Main.storyboard */,
				047CF28221D21E340098145D /* Assets.xcassets */,
				047CF28421D21E340098145D /* LaunchScreen.storyboard */,
				047CF28721D21E340098145D /* Info.plist */,
				047CF28821D21E340098145D /* main.m */,
				040DD93C21D388E700D6288A /* FlutterDemo.pch */,
			);
			path = FlutterDemo;
			sourceTree = "<group>";
		};
		047CF29121D21E340098145D /* FlutterDemoUITests */ = {
			isa = PBXGroup;
			children = (
				047CF29221D21E340098145D /* FlutterDemoUITests.m */,
				047CF29421D21E340098145D /* Info.plist */,
			);
			path = FlutterDemoUITests;
			sourceTree = "<group>";
		};
		0CF513CB0254D4397A8B6EE2 /* Frameworks */ = {
			isa = PBXGroup;
			children = (
				96AF4C8D413BE9C6B9B7CDE0 /* libPods-FlutterDemo.a */,
			);
			name = Frameworks;
			sourceTree = "<group>";
		};
		888F37C4BC1B767EC038DF1F /* Pods */ = {
			isa = PBXGroup;
			children = (
				CEE00EA90B6B1FD6A23F66BA /* Pods-FlutterDemo.debug.xcconfig */,
				6E4A6206FE6BBBC75D992DA4 /* Pods-FlutterDemo.release.xcconfig */,
			);
			name = Pods;
			sourceTree = "<group>";
		};
/* End PBXGroup section */

/* Begin PBXNativeTarget section */
		047CF27521D21E340098145D /* FlutterDemo */ = {
			isa = PBXNativeTarget;
			buildConfigurationList = 047CF29721D21E340098145D /* Build configuration list for PBXNativeTarget "FlutterDemo" */;
			buildPhases = (
				040DD93B21D386F900D6288A /* ShellScript */,
				C34FF046C198F44E6E120D82 /* [CP] Check Pods Manifest.lock */,
				047CF27221D21E340098145D /* Sources */,
				047CF27321D21E340098145D /* Frameworks */,
				047CF27421D21E340098145D /* Resources */,
				3DD4F2D1D7D3AFCB218465D5 /* [CP] Embed Pods Frameworks */,
				2F2946A116E7F434BF4A545D /* [CP] Copy Pods Resources */,
			);
			buildRules = (
			);
			dependencies = (
			);
			name = FlutterDemo;
			productName = FlutterDemo;
			productReference = 047CF27621D21E340098145D /* FlutterDemo.app */;
			productType = "com.apple.product-type.application";
		};
		047CF28D21D21E340098145D /* FlutterDemoUITests */ = {
			isa = PBXNativeTarget;
			buildConfigurationList = 047CF29A21D21E340098145D /* Build configuration list for PBXNativeTarget "FlutterDemoUITests" */;
			buildPhases = (
				047CF28A21D21E340098145D /* Sources */,
				047CF28B21D21E340098145D /* Frameworks */,
				047CF28C21D21E340098145D /* Resources */,
			);
			buildRules = (
			);
			dependencies = (
				047CF29021D21E340098145D /* PBXTargetDependency */,
			);
			name = FlutterDemoUITests;
			productName = FlutterDemoUITests;
			productReference = 047CF28E21D21E340098145D /* FlutterDemoUITests.xctest */;
			productType = "com.apple.product-type.bundle.ui-testing";
		};
/* End PBXNativeTarget section */

/* Begin PBXProject section */
		047CF26E21D21E330098145D /* Project object */ = {
			isa = PBXProject;
			attributes = {
				LastUpgradeCheck = 0920;
				ORGANIZATIONNAME = xuemingxing;
				TargetAttributes = {
					047CF27521D21E340098145D = {
						CreatedOnToolsVersion = 9.2;
						ProvisioningStyle = Automatic;
					};
					047CF28D21D21E340098145D = {
						CreatedOnToolsVersion = 9.2;
						ProvisioningStyle = Automatic;
						TestTargetID = 047CF27521D21E340098145D;
					};
				};
			};
			buildConfigurationList = 047CF27121D21E330098145D /* Build configuration list for PBXProject "FlutterDemo" */;
			compatibilityVersion = "Xcode 8.0";
			developmentRegion = en;
			hasScannedForEncodings = 0;
			knownRegions = (
				en,
				Base,
			);
			mainGroup = 047CF26D21D21E330098145D;
			productRefGroup = 047CF27721D21E340098145D /* Products */;
			projectDirPath = "";
			projectRoot = "";
			targets = (
				047CF27521D21E340098145D /* FlutterDemo */,
				047CF28D21D21E340098145D /* FlutterDemoUITests */,
			);
		};
/* End PBXProject section */

/* Begin PBXResourcesBuildPhase section */
		047CF27421D21E340098145D /* Resources */ = {
			isa = PBXResourcesBuildPhase;
			buildActionMask = 2147483647;
			files = (
				047CF28621D21E340098145D /* LaunchScreen.storyboard in Resources */,
				047CF28321D21E340098145D /* Assets.xcassets in Resources */,
				047CF28121D21E340098145D /* Main.storyboard in Resources */,
			);
			runOnlyForDeploymentPostprocessing = 0;
		};
		047CF28C21D21E340098145D /* Resources */ = {
			isa = PBXResourcesBuildPhase;
			buildActionMask = 2147483647;
			files = (
			);
			runOnlyForDeploymentPostprocessing = 0;
		};
/* End PBXResourcesBuildPhase section */

/* Begin PBXShellScriptBuildPhase section */
		040DD93B21D386F900D6288A /* ShellScript */ = {
			isa = PBXShellScriptBuildPhase;
			buildActionMask = 2147483647;
			files = (
			);
			inputPaths = (
			);
			outputPaths = (
			);
			runOnlyForDeploymentPostprocessing = 0;
			shellPath = /bin/sh;
			shellScript = "\"$FLUTTER_ROOT/packages/flutter_tools/bin/xcode_backend.sh\" build\n\"$FLUTTER_ROOT/packages/flutter_tools/bin/xcode_backend.sh\" embed";
		};
		2F2946A116E7F434BF4A545D /* [CP] Copy Pods Resources */ = {
			isa = PBXShellScriptBuildPhase;
			buildActionMask = 2147483647;
			files = (
			);
			inputPaths = (
			);
			name = "[CP] Copy Pods Resources";
			outputPaths = (
			);
			runOnlyForDeploymentPostprocessing = 0;
			shellPath = /bin/sh;
			shellScript = "\"${SRCROOT}/Pods/Target Support Files/Pods-FlutterDemo/Pods-FlutterDemo-resources.sh\"\n";
			showEnvVarsInLog = 0;
		};
		3DD4F2D1D7D3AFCB218465D5 /* [CP] Embed Pods Frameworks */ = {
			isa = PBXShellScriptBuildPhase;
			buildActionMask = 2147483647;
			files = (
			);
			inputPaths = (
				"${SRCROOT}/Pods/Target Support Files/Pods-FlutterDemo/Pods-FlutterDemo-frameworks.sh",
				"${PODS_ROOT}/../../my_flutter/.ios/Flutter/engine/Flutter.framework",
			);
			name = "[CP] Embed Pods Frameworks";
			outputPaths = (
				"${TARGET_BUILD_DIR}/${FRAMEWORKS_FOLDER_PATH}/Flutter.framework",
			);
			runOnlyForDeploymentPostprocessing = 0;
			shellPath = /bin/sh;
			shellScript = "\"${SRCROOT}/Pods/Target Support Files/Pods-FlutterDemo/Pods-FlutterDemo-frameworks.sh\"\n";
			showEnvVarsInLog = 0;
		};
		C34FF046C198F44E6E120D82 /* [CP] Check Pods Manifest.lock */ = {
			isa = PBXShellScriptBuildPhase;
			buildActionMask = 2147483647;
			files = (
			);
			inputPaths = (
				"${PODS_PODFILE_DIR_PATH}/Podfile.lock",
				"${PODS_ROOT}/Manifest.lock",
			);
			name = "[CP] Check Pods Manifest.lock";
			outputPaths = (
				"$(DERIVED_FILE_DIR)/Pods-FlutterDemo-checkManifestLockResult.txt",
			);
			runOnlyForDeploymentPostprocessing = 0;
			shellPath = /bin/sh;
			shellScript = "diff \"${PODS_PODFILE_DIR_PATH}/Podfile.lock\" \"${PODS_ROOT}/Manifest.lock\" > /dev/null\nif [ $? != 0 ] ; then\n    # print error to STDERR\n    echo \"error: The sandbox is not in sync with the Podfile.lock. Run 'pod install' or update your CocoaPods installation.\" >&2\n    exit 1\nfi\n# This output is used by Xcode 'outputs' to avoid re-running this script phase.\necho \"SUCCESS\" > \"${SCRIPT_OUTPUT_FILE_0}\"\n";
			showEnvVarsInLog = 0;
		};
/* End PBXShellScriptBuildPhase section */

/* Begin PBXSourcesBuildPhase section */
		047CF27221D21E340098145D /* Sources */ = {
			isa = PBXSourcesBuildPhase;
			buildActionMask = 2147483647;
			files = (
				047CF29F21D21F3D0098145D /* RedViewController.m in Sources */,
				047CF27E21D21E340098145D /* ViewController.m in Sources */,
				047CF2A221D21F460098145D /* GreenViewController.m in Sources */,
				047CF28921D21E340098145D /* main.m in Sources */,
				047CF27B21D21E340098145D /* AppDelegate.m in Sources */,
			);
			runOnlyForDeploymentPostprocessing = 0;
		};
		047CF28A21D21E340098145D /* Sources */ = {
			isa = PBXSourcesBuildPhase;
			buildActionMask = 2147483647;
			files = (
				047CF29321D21E340098145D /* FlutterDemoUITests.m in Sources */,
			);
			runOnlyForDeploymentPostprocessing = 0;
		};
/* End PBXSourcesBuildPhase section */

/* Begin PBXTargetDependency section */
		047CF29021D21E340098145D /* PBXTargetDependency */ = {
			isa = PBXTargetDependency;
			target = 047CF27521D21E340098145D /* FlutterDemo */;
			targetProxy = 047CF28F21D21E340098145D /* PBXContainerItemProxy */;
		};
/* End PBXTargetDependency section */

/* Begin PBXVariantGroup section */
		047CF27F21D21E340098145D /* Main.storyboard */ = {
			isa = PBXVariantGroup;
			children = (
				047CF28021D21E340098145D /* Base */,
			);
			name = Main.storyboard;
			sourceTree = "<group>";
		};
		047CF28421D21E340098145D /* LaunchScreen.storyboard */ = {
			isa = PBXVariantGroup;
			children = (
				047CF28521D21E340098145D /* Base */,
			);
			name = LaunchScreen.storyboard;
			sourceTree = "<group>";
		};
/* End PBXVariantGroup section */

/* Begin XCBuildConfiguration section */
		047CF29521D21E340098145D /* Debug */ = {
			isa = XCBuildConfiguration;
			buildSettings = {
				ALWAYS_SEARCH_USER_PATHS = NO;
				CLANG_ANALYZER_NONNULL = YES;
				CLANG_ANALYZER_NUMBER_OBJECT_CONVERSION = YES_AGGRESSIVE;
				CLANG_CXX_LANGUAGE_STANDARD = "gnu++14";
				CLANG_CXX_LIBRARY = "libc++";
				CLANG_ENABLE_MODULES = YES;
				CLANG_ENABLE_OBJC_ARC = YES;
				CLANG_WARN_BLOCK_CAPTURE_AUTORELEASING = YES;
				CLANG_WARN_BOOL_CONVERSION = YES;
				CLANG_WARN_COMMA = YES;
				CLANG_WARN_CONSTANT_CONVERSION = YES;
				CLANG_WARN_DIRECT_OBJC_ISA_USAGE = YES_ERROR;
				CLANG_WARN_DOCUMENTATION_COMMENTS = YES;
				CLANG_WARN_EMPTY_BODY = YES;
				CLANG_WARN_ENUM_CONVERSION = YES;
				CLANG_WARN_INFINITE_RECURSION = YES;
				CLANG_WARN_INT_CONVERSION = YES;
				CLANG_WARN_NON_LITERAL_NULL_CONVERSION = YES;
				CLANG_WARN_OBJC_LITERAL_CONVERSION = YES;
				CLANG_WARN_OBJC_ROOT_CLASS = YES_ERROR;
				CLANG_WARN_RANGE_LOOP_ANALYSIS = YES;
				CLANG_WARN_STRICT_PROTOTYPES = YES;
				CLANG_WARN_SUSPICIOUS_MOVE = YES;
				CLANG_WARN_UNGUARDED_AVAILABILITY = YES_AGGRESSIVE;
				CLANG_WARN_UNREACHABLE_CODE = YES;
				CLANG_WARN__DUPLICATE_METHOD_MATCH = YES;
				CODE_SIGN_IDENTITY = "iPhone Developer";
				COPY_PHASE_STRIP = NO;
				DEBUG_INFORMATION_FORMAT = dwarf;
				ENABLE_STRICT_OBJC_MSGSEND = YES;
				ENABLE_TESTABILITY = YES;
				GCC_C_LANGUAGE_STANDARD = gnu11;
				GCC_DYNAMIC_NO_PIC = NO;
				GCC_NO_COMMON_BLOCKS = YES;
				GCC_OPTIMIZATION_LEVEL = 0;
				GCC_PREPROCESSOR_DEFINITIONS = (
					"DEBUG=1",
					"$(inherited)",
				);
				GCC_WARN_64_TO_32_BIT_CONVERSION = YES;
				GCC_WARN_ABOUT_RETURN_TYPE = YES_ERROR;
				GCC_WARN_UNDECLARED_SELECTOR = YES;
				GCC_WARN_UNINITIALIZED_AUTOS = YES_AGGRESSIVE;
				GCC_WARN_UNUSED_FUNCTION = YES;
				GCC_WARN_UNUSED_VARIABLE = YES;
				IPHONEOS_DEPLOYMENT_TARGET = 11.2;
				MTL_ENABLE_DEBUG_INFO = YES;
				ONLY_ACTIVE_ARCH = YES;
				SDKROOT = iphoneos;
			};
			name = Debug;
		};
		047CF29621D21E340098145D /* Release */ = {
			isa = XCBuildConfiguration;
			buildSettings = {
				ALWAYS_SEARCH_USER_PATHS = NO;
				CLANG_ANALYZER_NONNULL = YES;
				CLANG_ANALYZER_NUMBER_OBJECT_CONVERSION = YES_AGGRESSIVE;
				CLANG_CXX_LANGUAGE_STANDARD = "gnu++14";
				CLANG_CXX_LIBRARY = "libc++";
				CLANG_ENABLE_MODULES = YES;
				CLANG_ENABLE_OBJC_ARC = YES;
				CLANG_WARN_BLOCK_CAPTURE_AUTORELEASING = YES;
				CLANG_WARN_BOOL_CONVERSION = YES;
				CLANG_WARN_COMMA = YES;
				CLANG_WARN_CONSTANT_CONVERSION = YES;
				CLANG_WARN_DIRECT_OBJC_ISA_USAGE = YES_ERROR;
				CLANG_WARN_DOCUMENTATION_COMMENTS = YES;
				CLANG_WARN_EMPTY_BODY = YES;
				CLANG_WARN_ENUM_CONVERSION = YES;
				CLANG_WARN_INFINITE_RECURSION = YES;
				CLANG_WARN_INT_CONVERSION = YES;
				CLANG_WARN_NON_LITERAL_NULL_CONVERSION = YES;
				CLANG_WARN_OBJC_LITERAL_CONVERSION = YES;
				CLANG_WARN_OBJC_ROOT_CLASS = YES_ERROR;
				CLANG_WARN_RANGE_LOOP_ANALYSIS = YES;
				CLANG_WARN_STRICT_PROTOTYPES = YES;
				CLANG_WARN_SUSPICIOUS_MOVE = YES;
				CLANG_WARN_UNGUARDED_AVAILABILITY = YES_AGGRESSIVE;
				CLANG_WARN_UNREACHABLE_CODE = YES;
				CLANG_WARN__DUPLICATE_METHOD_MATCH = YES;
				CODE_SIGN_IDENTITY = "iPhone Developer";
				COPY_PHASE_STRIP = NO;
				DEBUG_INFORMATION_FORMAT = "dwarf-with-dsym";
				ENABLE_NS_ASSERTIONS = NO;
				ENABLE_STRICT_OBJC_MSGSEND = YES;
				GCC_C_LANGUAGE_STANDARD = gnu11;
				GCC_NO_COMMON_BLOCKS = YES;
				GCC_WARN_64_TO_32_BIT_CONVERSION = YES;
				GCC_WARN_ABOUT_RETURN_TYPE = YES_ERROR;
				GCC_WARN_UNDECLARED_SELECTOR = YES;
				GCC_WARN_UNINITIALIZED_AUTOS = YES_AGGRESSIVE;
				GCC_WARN_UNUSED_FUNCTION = YES;
				GCC_WARN_UNUSED_VARIABLE = YES;
				IPHONEOS_DEPLOYMENT_TARGET = 11.2;
				MTL_ENABLE_DEBUG_INFO = NO;
				SDKROOT = iphoneos;
				VALIDATE_PRODUCT = YES;
			};
			name = Release;
		};
		047CF29821D21E340098145D /* Debug */ = {
			isa = XCBuildConfiguration;
			baseConfigurationReference = CEE00EA90B6B1FD6A23F66BA /* Pods-FlutterDemo.debug.xcconfig */;
			buildSettings = {
				ASSETCATALOG_COMPILER_APPICON_NAME = AppIcon;
				CODE_SIGN_STYLE = Automatic;
				DEVELOPMENT_TEAM = 7P3V6A6C27;
				FRAMEWORK_SEARCH_PATHS = (
					"$(inherited)",
					"$(PROJECT_DIR)/FlutterDemo",
				);
				GCC_PREFIX_HEADER = "$(SRCROOT)/FlutterDemo/FlutterDemo.pch";
				INFOPLIST_FILE = FlutterDemo/Info.plist;
				IPHONEOS_DEPLOYMENT_TARGET = 9.0;
				LD_RUNPATH_SEARCH_PATHS = "$(inherited) @executable_path/Frameworks";
				PRODUCT_BUNDLE_IDENTIFIER = com.yinjun.www;
				PRODUCT_NAME = "$(TARGET_NAME)";
				TARGETED_DEVICE_FAMILY = "1,2";
			};
			name = Debug;
		};
		047CF29921D21E340098145D /* Release */ = {
			isa = XCBuildConfiguration;
			baseConfigurationReference = 6E4A6206FE6BBBC75D992DA4 /* Pods-FlutterDemo.release.xcconfig */;
			buildSettings = {
				ASSETCATALOG_COMPILER_APPICON_NAME = AppIcon;
				CODE_SIGN_STYLE = Automatic;
				DEVELOPMENT_TEAM = 7P3V6A6C27;
				FRAMEWORK_SEARCH_PATHS = (
					"$(inherited)",
					"$(PROJECT_DIR)/FlutterDemo",
				);
				GCC_PREFIX_HEADER = "$(SRCROOT)/FlutterDemo/FlutterDemo.pch";
				INFOPLIST_FILE = FlutterDemo/Info.plist;
				IPHONEOS_DEPLOYMENT_TARGET = 9.0;
				LD_RUNPATH_SEARCH_PATHS = "$(inherited) @executable_path/Frameworks";
				PRODUCT_BUNDLE_IDENTIFIER = com.yinjun.www;
				PRODUCT_NAME = "$(TARGET_NAME)";
				TARGETED_DEVICE_FAMILY = "1,2";
			};
			name = Release;
		};
		047CF29B21D21E340098145D /* Debug */ = {
			isa = XCBuildConfiguration;
			buildSettings = {
				CODE_SIGN_STYLE = Automatic;
				INFOPLIST_FILE = FlutterDemoUITests/Info.plist;
				LD_RUNPATH_SEARCH_PATHS = "$(inherited) @executable_path/Frameworks @loader_path/Frameworks";
				PRODUCT_BUNDLE_IDENTIFIER = com.xuemingxing.FlutterDemoUITests;
				PRODUCT_NAME = "$(TARGET_NAME)";
				TARGETED_DEVICE_FAMILY = "1,2";
				TEST_TARGET_NAME = FlutterDemo;
			};
			name = Debug;
		};
		047CF29C21D21E340098145D /* Release */ = {
			isa = XCBuildConfiguration;
			buildSettings = {
				CODE_SIGN_STYLE = Automatic;
				INFOPLIST_FILE = FlutterDemoUITests/Info.plist;
				LD_RUNPATH_SEARCH_PATHS = "$(inherited) @executable_path/Frameworks @loader_path/Frameworks";
				PRODUCT_BUNDLE_IDENTIFIER = com.xuemingxing.FlutterDemoUITests;
				PRODUCT_NAME = "$(TARGET_NAME)";
				TARGETED_DEVICE_FAMILY = "1,2";
				TEST_TARGET_NAME = FlutterDemo;
			};
			name = Release;
		};
/* End XCBuildConfiguration section */

/* Begin XCConfigurationList section */
		047CF27121D21E330098145D /* Build configuration list for PBXProject "FlutterDemo" */ = {
			isa = XCConfigurationList;
			buildConfigurations = (
				047CF29521D21E340098145D /* Debug */,
				047CF29621D21E340098145D /* Release */,
			);
			defaultConfigurationIsVisible = 0;
			defaultConfigurationName = Release;
		};
		047CF29721D21E340098145D /* Build configuration list for PBXNativeTarget "FlutterDemo" */ = {
			isa = XCConfigurationList;
			buildConfigurations = (
				047CF29821D21E340098145D /* Debug */,
				047CF29921D21E340098145D /* Release */,
			);
			defaultConfigurationIsVisible = 0;
			defaultConfigurationName = Release;
		};
		047CF29A21D21E340098145D /* Build configuration list for PBXNativeTarget "FlutterDemoUITests" */ = {
			isa = XCConfigurationList;
			buildConfigurations = (
				047CF29B21D21E340098145D /* Debug */,
				047CF29C21D21E340098145D /* Release */,
			);
			defaultConfigurationIsVisible = 0;
			defaultConfigurationName = Release;
		};
/* End XCConfigurationList section */
	};
	rootObject = 047CF26E21D21E330098145D /* Project object */;
}
